<?xml version="1.0" encoding="utf-8"?>
<Project ToolsVersion="4.0" xmlns="http://schemas.microsoft.com/developer/msbuild/2003">
  <ItemGroup>
    <Filter Include="소스 파일">
      <UniqueIdentifier>{4FC737F1-C7A5-4376-A066-2A32D752A2FF}</UniqueIdentifier>
      <Extensions>cpp;c;cc;cxx;def;odl;idl;hpj;bat;asm;asmx</Extensions>
    </Filter>
    <Filter Include="헤더 파일">
      <UniqueIdentifier>{93995380-89BD-4b04-88EB-625FBE52EBFB}</UniqueIdentifier>
      <Extensions>h;hh;hpp;hxx;hm;inl;inc;xsd</Extensions>
    </Filter>
    <Filter Include="리소스 파일">
      <UniqueIdentifier>{67DA6AB6-F800-4c08-8B7A-83BB121AAD01}</UniqueIdentifier>
      <Extensions>rc;ico;cur;bmp;dlg;rc2;rct;bin;rgs;gif;jpg;jpeg;jpe;resx;tiff;tif;png;wav;mfcribbon-ms</Extensions>
    </Filter>
  </ItemGroup>
  <ItemGroup>
    <ClCompile Include="..\source\LyricsCompiler.cpp">
      <Filter>소스 파일</Filter>
    </ClCompile>
    <ClCompile Include="..\source\Option.cpp">
      <Filter>소스 파일</Filter>
    </ClCompile>
    <ClCompile Include="..\source\Parser.cpp">
      <Filter>소스 파일</Filter>
    </ClCompile>
    <ClCompile Include="..\source\Scope.cpp">
      <Filter>소스 파일</Filter>
    </ClCompile>
    <ClCompile Include="..\source\SemanticAnalyzer.cpp">
      <Filter>소스 파일</Filter>
    </ClCompile>
    <ClCompile Include="..\source\StaticTypeChecker.cpp">
      <Filter>소스 파일</Filter>
    </ClCompile>
    <ClCompile Include="..\source\TextEncoder.cpp">
      <Filter>소스 파일</Filter>
    </ClCompile>
    <ClCompile Include="..\source\TextLoader.cpp">
      <Filter>소스 파일</Filter>
    </ClCompile>
    <ClCompile Include="..\source\Tokenizer.cpp">
      <Filter>소스 파일</Filter>
    </ClCompile>
    <ClCompile Include="..\source\Compiler.cpp">
      <Filter>소스 파일</Filter>
    </ClCompile>
    <ClCompile Include="..\source\DereferenceChecker.cpp">
      <Filter>소스 파일</Filter>
    </ClCompile>
    <ClCompile Include="..\source\ErrorLogger.cpp">
      <Filter>소스 파일</Filter>
    </ClCompile>
    <ClCompile Include="..\source\Loader.cpp">
      <Filter>소스 파일</Filter>
    </ClCompile>
    <ClCompile Include="..\source\LocalResolver.cpp">
      <Filter>소스 파일</Filter>
    </ClCompile>
    <ClCompile Include="..\source\Location.cpp">
      <Filter>소스 파일</Filter>
    </ClCompile>
  </ItemGroup>
  <ItemGroup>
    <ClInclude Include="..\source\Node.h">
      <Filter>헤더 파일</Filter>
    </ClInclude>
    <ClInclude Include="..\source\Option.h">
      <Filter>헤더 파일</Filter>
    </ClInclude>
    <ClInclude Include="..\source\Parser.h">
      <Filter>헤더 파일</Filter>
    </ClInclude>
    <ClInclude Include="..\source\Scope.h">
      <Filter>헤더 파일</Filter>
    </ClInclude>
    <ClInclude Include="..\source\SemanticAnalyzer.h">
      <Filter>헤더 파일</Filter>
    </ClInclude>
    <ClInclude Include="..\source\StaticTypeChecker.h">
      <Filter>헤더 파일</Filter>
    </ClInclude>
    <ClInclude Include="..\source\TextEncoder.h">
      <Filter>헤더 파일</Filter>
    </ClInclude>
    <ClInclude Include="..\source\TextLoader.h">
      <Filter>헤더 파일</Filter>
    </ClInclude>
    <ClInclude Include="..\source\Token.h">
      <Filter>헤더 파일</Filter>
    </ClInclude>
    <ClInclude Include="..\source\Tokenizer.h">
      <Filter>헤더 파일</Filter>
    </ClInclude>
    <ClInclude Include="..\source\Utility.h">
      <Filter>헤더 파일</Filter>
    </ClInclude>
    <ClInclude Include="..\source\Visitor.h">
      <Filter>헤더 파일</Filter>
    </ClInclude>
    <ClInclude Include="..\source\WarningCode.h">
      <Filter>헤더 파일</Filter>
    </ClInclude>
    <ClInclude Include="..\source\ByteCode.h">
      <Filter>헤더 파일</Filter>
    </ClInclude>
    <ClInclude Include="..\source\Compiler.h">
      <Filter>헤더 파일</Filter>
    </ClInclude>
    <ClInclude Include="..\source\DereferenceChecker.h">
      <Filter>헤더 파일</Filter>
    </ClInclude>
    <ClInclude Include="..\source\Element.h">
      <Filter>헤더 파일</Filter>
    </ClInclude>
    <ClInclude Include="..\source\ErrorCode.h">
      <Filter>헤더 파일</Filter>
    </ClInclude>
    <ClInclude Include="..\source\ErrorLogger.h">
      <Filter>헤더 파일</Filter>
    </ClInclude>
    <ClInclude Include="..\source\FatalErrorCode.h">
      <Filter>헤더 파일</Filter>
    </ClInclude>
    <ClInclude Include="..\source\Literal.h">
      <Filter>헤더 파일</Filter>
    </ClInclude>
    <ClInclude Include="..\source\Loader.h">
      <Filter>헤더 파일</Filter>
    </ClInclude>
    <ClInclude Include="..\source\LocalResolver.h">
      <Filter>헤더 파일</Filter>
    </ClInclude>
    <ClInclude Include="..\source\Location.h">
      <Filter>헤더 파일</Filter>
    </ClInclude>
    <ClInclude Include="..\source\Logger.h">
      <Filter>헤더 파일</Filter>
    </ClInclude>
  </ItemGroup>
</Project>